// !$*UTF8*$!
{
	archiveVersion = 1;
	classes = {
	};
	objectVersion = 50;
	objects = {

/* Begin PBXBuildFile section */
		DB03A5F621C1ED9900B94190 /* AppDelegate.m in Sources */ = {isa = PBXBuildFile; fileRef = DB03A5F521C1ED9900B94190 /* AppDelegate.m */; };
		DB03A5F921C1ED9900B94190 /* ViewController.m in Sources */ = {isa = PBXBuildFile; fileRef = DB03A5F821C1ED9900B94190 /* ViewController.m */; };
		DB03A5FC21C1ED9900B94190 /* Main.storyboard in Resources */ = {isa = PBXBuildFile; fileRef = DB03A5FA21C1ED9900B94190 /* Main.storyboard */; };
		DB03A5FE21C1ED9B00B94190 /* Assets.xcassets in Resources */ = {isa = PBXBuildFile; fileRef = DB03A5FD21C1ED9B00B94190 /* Assets.xcassets */; };
		DB03A60121C1ED9B00B94190 /* LaunchScreen.storyboard in Resources */ = {isa = PBXBuildFile; fileRef = DB03A5FF21C1ED9B00B94190 /* LaunchScreen.storyboard */; };
		DB03A60421C1ED9B00B94190 /* main.m in Sources */ = {isa = PBXBuildFile; fileRef = DB03A60321C1ED9B00B94190 /* main.m */; };
		DB03A60E21C1ED9B00B94190 /* TableViewAdapterTests.m in Sources */ = {isa = PBXBuildFile; fileRef = DB03A60D21C1ED9B00B94190 /* TableViewAdapterTests.m */; };
		DB03A61A21C1EF5100B94190 /* TBaseAdapter.m in Sources */ = {isa = PBXBuildFile; fileRef = DB03A61921C1EF5100B94190 /* TBaseAdapter.m */; };
		DB15A7CF21C385DF0062A528 /* ICTableViewAdapter.m in Sources */ = {isa = PBXBuildFile; fileRef = DB15A7CE21C385DF0062A528 /* ICTableViewAdapter.m */; };
		DB15A7D221C391BA0062A528 /* ICTableViewSectionController.m in Sources */ = {isa = PBXBuildFile; fileRef = DB15A7D121C391BA0062A528 /* ICTableViewSectionController.m */; };
		DB15A7D521C3969A0062A528 /* ICTableViewAdapter+UITableView.m in Sources */ = {isa = PBXBuildFile; fileRef = DB15A7D421C3969A0062A528 /* ICTableViewAdapter+UITableView.m */; };
		DB15A7D821C3A8C10062A528 /* ICNormalTableViewSectionController.m in Sources */ = {isa = PBXBuildFile; fileRef = DB15A7D721C3A8C10062A528 /* ICNormalTableViewSectionController.m */; };
/* End PBXBuildFile section */

/* Begin PBXContainerItemProxy section */
		DB03A60A21C1ED9B00B94190 /* PBXContainerItemProxy */ = {
			isa = PBXContainerItemProxy;
			containerPortal = DB03A5E921C1ED9900B94190 /* Project object */;
			proxyType = 1;
			remoteGlobalIDString = DB03A5F021C1ED9900B94190;
			remoteInfo = TableViewAdapter;
		};
/* End PBXContainerItemProxy section */

/* Begin PBXFileReference section */
		DB03A5F121C1ED9900B94190 /* TableViewAdapter.app */ = {isa = PBXFileReference; explicitFileType = wrapper.application; includeInIndex = 0; path = TableViewAdapter.app; sourceTree = BUILT_PRODUCTS_DIR; };
		DB03A5F421C1ED9900B94190 /* AppDelegate.h */ = {isa = PBXFileReference; lastKnownFileType = sourcecode.c.h; path = AppDelegate.h; sourceTree = "<group>"; };
		DB03A5F521C1ED9900B94190 /* AppDelegate.m */ = {isa = PBXFileReference; lastKnownFileType = sourcecode.c.objc; path = AppDelegate.m; sourceTree = "<group>"; };
		DB03A5F721C1ED9900B94190 /* ViewController.h */ = {isa = PBXFileReference; lastKnownFileType = sourcecode.c.h; path = ViewController.h; sourceTree = "<group>"; };
		DB03A5F821C1ED9900B94190 /* ViewController.m */ = {isa = PBXFileReference; lastKnownFileType = sourcecode.c.objc; path = ViewController.m; sourceTree = "<group>"; };
		DB03A5FB21C1ED9900B94190 /* Base */ = {isa = PBXFileReference; lastKnownFileType = file.storyboard; name = Base; path = Base.lproj/Main.storyboard; sourceTree = "<group>"; };
		DB03A5FD21C1ED9B00B94190 /* Assets.xcassets */ = {isa = PBXFileReference; lastKnownFileType = folder.assetcatalog; path = Assets.xcassets; sourceTree = "<group>"; };
		DB03A60021C1ED9B00B94190 /* Base */ = {isa = PBXFileReference; lastKnownFileType = file.storyboard; name = Base; path = Base.lproj/LaunchScreen.storyboard; sourceTree = "<group>"; };
		DB03A60221C1ED9B00B94190 /* Info.plist */ = {isa = PBXFileReference; lastKnownFileType = text.plist.xml; path = Info.plist; sourceTree = "<group>"; };
		DB03A60321C1ED9B00B94190 /* main.m */ = {isa = PBXFileReference; lastKnownFileType = sourcecode.c.objc; path = main.m; sourceTree = "<group>"; };
		DB03A60921C1ED9B00B94190 /* TableViewAdapterTests.xctest */ = {isa = PBXFileReference; explicitFileType = wrapper.cfbundle; includeInIndex = 0; path = TableViewAdapterTests.xctest; sourceTree = BUILT_PRODUCTS_DIR; };
		DB03A60D21C1ED9B00B94190 /* TableViewAdapterTests.m */ = {isa = PBXFileReference; lastKnownFileType = sourcecode.c.objc; path = TableViewAdapterTests.m; sourceTree = "<group>"; };
		DB03A60F21C1ED9B00B94190 /* Info.plist */ = {isa = PBXFileReference; lastKnownFileType = text.plist.xml; path = Info.plist; sourceTree = "<group>"; };
		DB03A61821C1EF5100B94190 /* TBaseAdapter.h */ = {isa = PBXFileReference; lastKnownFileType = sourcecode.c.h; path = TBaseAdapter.h; sourceTree = "<group>"; };
		DB03A61921C1EF5100B94190 /* TBaseAdapter.m */ = {isa = PBXFileReference; lastKnownFileType = sourcecode.c.objc; path = TBaseAdapter.m; sourceTree = "<group>"; };
		DB15A7CD21C385DF0062A528 /* ICTableViewAdapter.h */ = {isa = PBXFileReference; lastKnownFileType = sourcecode.c.h; path = ICTableViewAdapter.h; sourceTree = "<group>"; };
		DB15A7CE21C385DF0062A528 /* ICTableViewAdapter.m */ = {isa = PBXFileReference; lastKnownFileType = sourcecode.c.objc; path = ICTableViewAdapter.m; sourceTree = "<group>"; };
		DB15A7D021C391BA0062A528 /* ICTableViewSectionController.h */ = {isa = PBXFileReference; lastKnownFileType = sourcecode.c.h; path = ICTableViewSectionController.h; sourceTree = "<group>"; };
		DB15A7D121C391BA0062A528 /* ICTableViewSectionController.m */ = {isa = PBXFileReference; lastKnownFileType = sourcecode.c.objc; path = ICTableViewSectionController.m; sourceTree = "<group>"; };
		DB15A7D321C396990062A528 /* ICTableViewAdapter+UITableView.h */ = {isa = PBXFileReference; fileEncoding = 4; lastKnownFileType = sourcecode.c.h; path = "ICTableViewAdapter+UITableView.h"; sourceTree = "<group>"; };
		DB15A7D421C3969A0062A528 /* ICTableViewAdapter+UITableView.m */ = {isa = PBXFileReference; fileEncoding = 4; lastKnownFileType = sourcecode.c.objc; path = "ICTableViewAdapter+UITableView.m"; sourceTree = "<group>"; };
		DB15A7D621C3A8C10062A528 /* ICNormalTableViewSectionController.h */ = {isa = PBXFileReference; lastKnownFileType = sourcecode.c.h; path = ICNormalTableViewSectionController.h; sourceTree = "<group>"; };
		DB15A7D721C3A8C10062A528 /* ICNormalTableViewSectionController.m */ = {isa = PBXFileReference; lastKnownFileType = sourcecode.c.objc; path = ICNormalTableViewSectionController.m; sourceTree = "<group>"; };
/* End PBXFileReference section */

/* Begin PBXFrameworksBuildPhase section */
		DB03A5EE21C1ED9900B94190 /* Frameworks */ = {
			isa = PBXFrameworksBuildPhase;
			buildActionMask = 2147483647;
			files = (
			);
			runOnlyForDeploymentPostprocessing = 0;
		};
		DB03A60621C1ED9B00B94190 /* Frameworks */ = {
			isa = PBXFrameworksBuildPhase;
			buildActionMask = 2147483647;
			files = (
			);
			runOnlyForDeploymentPostprocessing = 0;
		};
/* End PBXFrameworksBuildPhase section */

/* Begin PBXGroup section */
		DB03A5E821C1ED9900B94190 = {
			isa = PBXGroup;
			children = (
				DB03A5F321C1ED9900B94190 /* TableViewAdapter */,
				DB03A60C21C1ED9B00B94190 /* TableViewAdapterTests */,
				DB03A5F221C1ED9900B94190 /* Products */,
			);
			sourceTree = "<group>";
		};
		DB03A5F221C1ED9900B94190 /* Products */ = {
			isa = PBXGroup;
			children = (
				DB03A5F121C1ED9900B94190 /* TableViewAdapter.app */,
				DB03A60921C1ED9B00B94190 /* TableViewAdapterTests.xctest */,
			);
			name = Products;
			sourceTree = "<group>";
		};
		DB03A5F321C1ED9900B94190 /* TableViewAdapter */ = {
			isa = PBXGroup;
			children = (
				DB03A5F421C1ED9900B94190 /* AppDelegate.h */,
				DB03A5F521C1ED9900B94190 /* AppDelegate.m */,
				DB15A7D621C3A8C10062A528 /* ICNormalTableViewSectionController.h */,
				DB15A7D721C3A8C10062A528 /* ICNormalTableViewSectionController.m */,
				DB15A7D321C396990062A528 /* ICTableViewAdapter+UITableView.h */,
				DB15A7D421C3969A0062A528 /* ICTableViewAdapter+UITableView.m */,
				DB03A5F721C1ED9900B94190 /* ViewController.h */,
				DB03A5F821C1ED9900B94190 /* ViewController.m */,
				DB15A7D021C391BA0062A528 /* ICTableViewSectionController.h */,
				DB15A7D121C391BA0062A528 /* ICTableViewSectionController.m */,
				DB15A7CD21C385DF0062A528 /* ICTableViewAdapter.h */,
				DB15A7CE21C385DF0062A528 /* ICTableViewAdapter.m */,
				DB03A61821C1EF5100B94190 /* TBaseAdapter.h */,
				DB03A61921C1EF5100B94190 /* TBaseAdapter.m */,
				DB03A5FA21C1ED9900B94190 /* Main.storyboard */,
				DB03A5FD21C1ED9B00B94190 /* Assets.xcassets */,
				DB03A5FF21C1ED9B00B94190 /* LaunchScreen.storyboard */,
				DB03A60221C1ED9B00B94190 /* Info.plist */,
				DB03A60321C1ED9B00B94190 /* main.m */,
			);
			path = TableViewAdapter;
			sourceTree = "<group>";
		};
		DB03A60C21C1ED9B00B94190 /* TableViewAdapterTests */ = {
			isa = PBXGroup;
			children = (
				DB03A60D21C1ED9B00B94190 /* TableViewAdapterTests.m */,
				DB03A60F21C1ED9B00B94190 /* Info.plist */,
			);
			path = TableViewAdapterTests;
			sourceTree = "<group>";
		};
/* End PBXGroup section */

/* Begin PBXNativeTarget section */
		DB03A5F021C1ED9900B94190 /* TableViewAdapter */ = {
			isa = PBXNativeTarget;
			buildConfigurationList = DB03A61221C1ED9B00B94190 /* Build configuration list for PBXNativeTarget "TableViewAdapter" */;
			buildPhases = (
				DB03A5ED21C1ED9900B94190 /* Sources */,
				DB03A5EE21C1ED9900B94190 /* Frameworks */,
				DB03A5EF21C1ED9900B94190 /* Resources */,
			);
			buildRules = (
			);
			dependencies = (
			);
			name = TableViewAdapter;
			productName = TableViewAdapter;
			productReference = DB03A5F121C1ED9900B94190 /* TableViewAdapter.app */;
			productType = "com.apple.product-type.application";
		};
		DB03A60821C1ED9B00B94190 /* TableViewAdapterTests */ = {
			isa = PBXNativeTarget;
			buildConfigurationList = DB03A61521C1ED9B00B94190 /* Build configuration list for PBXNativeTarget "TableViewAdapterTests" */;
			buildPhases = (
				DB03A60521C1ED9B00B94190 /* Sources */,
				DB03A60621C1ED9B00B94190 /* Frameworks */,
				DB03A60721C1ED9B00B94190 /* Resources */,
			);
			buildRules = (
			);
			dependencies = (
				DB03A60B21C1ED9B00B94190 /* PBXTargetDependency */,
			);
			name = TableViewAdapterTests;
			productName = TableViewAdapterTests;
			productReference = DB03A60921C1ED9B00B94190 /* TableViewAdapterTests.xctest */;
			productType = "com.apple.product-type.bundle.unit-test";
		};
/* End PBXNativeTarget section */

/* Begin PBXProject section */
		DB03A5E921C1ED9900B94190 /* Project object */ = {
			isa = PBXProject;
			attributes = {
				LastUpgradeCheck = 1000;
				ORGANIZATIONNAME = xiaoshentu;
				TargetAttributes = {
					DB03A5F021C1ED9900B94190 = {
						CreatedOnToolsVersion = 10.0;
					};
					DB03A60821C1ED9B00B94190 = {
						CreatedOnToolsVersion = 10.0;
						TestTargetID = DB03A5F021C1ED9900B94190;
					};
				};
			};
			buildConfigurationList = DB03A5EC21C1ED9900B94190 /* Build configuration list for PBXProject "TableViewAdapter" */;
			compatibilityVersion = "Xcode 9.3";
			developmentRegion = en;
			hasScannedForEncodings = 0;
			knownRegions = (
				en,
				Base,
			);
			mainGroup = DB03A5E821C1ED9900B94190;
			productRefGroup = DB03A5F221C1ED9900B94190 /* Products */;
			projectDirPath = "";
			projectRoot = "";
			targets = (
				DB03A5F021C1ED9900B94190 /* TableViewAdapter */,
				DB03A60821C1ED9B00B94190 /* TableViewAdapterTests */,
			);
		};
/* End PBXProject section */

/* Begin PBXResourcesBuildPhase section */
		DB03A5EF21C1ED9900B94190 /* Resources */ = {
			isa = PBXResourcesBuildPhase;
			buildActionMask = 2147483647;
			files = (
				DB03A60121C1ED9B00B94190 /* LaunchScreen.storyboard in Resources */,
				DB03A5FE21C1ED9B00B94190 /* Assets.xcassets in Resources */,
				DB03A5FC21C1ED9900B94190 /* Main.storyboard in Resources */,
			);
			runOnlyForDeploymentPostprocessing = 0;
		};
		DB03A60721C1ED9B00B94190 /* Resources */ = {
			isa = PBXResourcesBuildPhase;
			buildActionMask = 2147483647;
			files = (
			);
			runOnlyForDeploymentPostprocessing = 0;
		};
/* End PBXResourcesBuildPhase section */

/* Begin PBXSourcesBuildPhase section */
		DB03A5ED21C1ED9900B94190 /* Sources */ = {
			isa = PBXSourcesBuildPhase;
			buildActionMask = 2147483647;
			files = (
				DB15A7D821C3A8C10062A528 /* ICNormalTableViewSectionController.m in Sources */,
				DB15A7CF21C385DF0062A528 /* ICTableViewAdapter.m in Sources */,
				DB03A5F921C1ED9900B94190 /* ViewController.m in Sources */,
				DB15A7D521C3969A0062A528 /* ICTableViewAdapter+UITableView.m in Sources */,
				DB03A61A21C1EF5100B94190 /* TBaseAdapter.m in Sources */,
				DB03A60421C1ED9B00B94190 /* main.m in Sources */,
				DB03A5F621C1ED9900B94190 /* AppDelegate.m in Sources */,
				DB15A7D221C391BA0062A528 /* ICTableViewSectionController.m in Sources */,
			);
			runOnlyForDeploymentPostprocessing = 0;
		};
		DB03A60521C1ED9B00B94190 /* Sources */ = {
			isa = PBXSourcesBuildPhase;
			buildActionMask = 2147483647;
			files = (
				DB03A60E21C1ED9B00B94190 /* TableViewAdapterTests.m in Sources */,
			);
			runOnlyForDeploymentPostprocessing = 0;
		};
/* End PBXSourcesBuildPhase section */

/* Begin PBXTargetDependency section */
		DB03A60B21C1ED9B00B94190 /* PBXTargetDependency */ = {
			isa = PBXTargetDependency;
			target = DB03A5F021C1ED9900B94190 /* TableViewAdapter */;
			targetProxy = DB03A60A21C1ED9B00B94190 /* PBXContainerItemProxy */;
		};
/* End PBXTargetDependency section */

/* Begin PBXVariantGroup section */
		DB03A5FA21C1ED9900B94190 /* Main.storyboard */ = {
			isa = PBXVariantGroup;
			children = (
				DB03A5FB21C1ED9900B94190 /* Base */,
			);
			name = Main.storyboard;
			sourceTree = "<group>";
		};
		DB03A5FF21C1ED9B00B94190 /* LaunchScreen.storyboard */ = {
			isa = PBXVariantGroup;
			children = (
				DB03A60021C1ED9B00B94190 /* Base */,
			);
			name = LaunchScreen.storyboard;
			sourceTree = "<group>";
		};
/* End PBXVariantGroup section */

/* Begin XCBuildConfiguration section */
		DB03A61021C1ED9B00B94190 /* Debug */ = {
			isa = XCBuildConfiguration;
			buildSettings = {
				ALWAYS_SEARCH_USER_PATHS = NO;
				CLANG_ANALYZER_NONNULL = YES;
				CLANG_ANALYZER_NUMBER_OBJECT_CONVERSION = YES_AGGRESSIVE;
				CLANG_CXX_LANGUAGE_STANDARD = "gnu++14";
				CLANG_CXX_LIBRARY = "libc++";
				CLANG_ENABLE_MODULES = YES;
				CLANG_ENABLE_OBJC_ARC = YES;
				CLANG_ENABLE_OBJC_WEAK = YES;
				CLANG_WARN_BLOCK_CAPTURE_AUTORELEASING = YES;
				CLANG_WARN_BOOL_CONVERSION = YES;
				CLANG_WARN_COMMA = YES;
				CLANG_WARN_CONSTANT_CONVERSION = YES;
				CLANG_WARN_DEPRECATED_OBJC_IMPLEMENTATIONS = YES;
				CLANG_WARN_DIRECT_OBJC_ISA_USAGE = YES_ERROR;
				CLANG_WARN_DOCUMENTATION_COMMENTS = YES;
				CLANG_WARN_EMPTY_BODY = YES;
				CLANG_WARN_ENUM_CONVERSION = YES;
				CLANG_WARN_INFINITE_RECURSION = YES;
				CLANG_WARN_INT_CONVERSION = YES;
				CLANG_WARN_NON_LITERAL_NULL_CONVERSION = YES;
				CLANG_WARN_OBJC_IMPLICIT_RETAIN_SELF = YES;
				CLANG_WARN_OBJC_LITERAL_CONVERSION = YES;
				CLANG_WARN_OBJC_ROOT_CLASS = YES_ERROR;
				CLANG_WARN_RANGE_LOOP_ANALYSIS = YES;
				CLANG_WARN_STRICT_PROTOTYPES = YES;
				CLANG_WARN_SUSPICIOUS_MOVE = YES;
				CLANG_WARN_UNGUARDED_AVAILABILITY = YES_AGGRESSIVE;
				CLANG_WARN_UNREACHABLE_CODE = YES;
				CLANG_WARN__DUPLICATE_METHOD_MATCH = YES;
				CODE_SIGN_IDENTITY = "iPhone Developer";
				COPY_PHASE_STRIP = NO;
				DEBUG_INFORMATION_FORMAT = dwarf;
				ENABLE_STRICT_OBJC_MSGSEND = YES;
				ENABLE_TESTABILITY = YES;
				GCC_C_LANGUAGE_STANDARD = gnu11;
				GCC_DYNAMIC_NO_PIC = NO;
				GCC_NO_COMMON_BLOCKS = YES;
				GCC_OPTIMIZATION_LEVEL = 0;
				GCC_PREPROCESSOR_DEFINITIONS = (
					"DEBUG=1",
					"$(inherited)",
				);
				GCC_WARN_64_TO_32_BIT_CONVERSION = YES;
				GCC_WARN_ABOUT_RETURN_TYPE = YES_ERROR;
				GCC_WARN_UNDECLARED_SELECTOR = YES;
				GCC_WARN_UNINITIALIZED_AUTOS = YES_AGGRESSIVE;
				GCC_WARN_UNUSED_FUNCTION = YES;
				GCC_WARN_UNUSED_VARIABLE = YES;
				IPHONEOS_DEPLOYMENT_TARGET = 12.0;
				MTL_ENABLE_DEBUG_INFO = INCLUDE_SOURCE;
				MTL_FAST_MATH = YES;
				ONLY_ACTIVE_ARCH = YES;
				SDKROOT = iphoneos;
			};
			name = Debug;
		};
		DB03A61121C1ED9B00B94190 /* Release */ = {
			isa = XCBuildConfiguration;
			buildSettings = {
				ALWAYS_SEARCH_USER_PATHS = NO;
				CLANG_ANALYZER_NONNULL = YES;
				CLANG_ANALYZER_NUMBER_OBJECT_CONVERSION = YES_AGGRESSIVE;
				CLANG_CXX_LANGUAGE_STANDARD = "gnu++14";
				CLANG_CXX_LIBRARY = "libc++";
				CLANG_ENABLE_MODULES = YES;
				CLANG_ENABLE_OBJC_ARC = YES;
				CLANG_ENABLE_OBJC_WEAK = YES;
				CLANG_WARN_BLOCK_CAPTURE_AUTORELEASING = YES;
				CLANG_WARN_BOOL_CONVERSION = YES;
				CLANG_WARN_COMMA = YES;
				CLANG_WARN_CONSTANT_CONVERSION = YES;
				CLANG_WARN_DEPRECATED_OBJC_IMPLEMENTATIONS = YES;
				CLANG_WARN_DIRECT_OBJC_ISA_USAGE = YES_ERROR;
				CLANG_WARN_DOCUMENTATION_COMMENTS = YES;
				CLANG_WARN_EMPTY_BODY = YES;
				CLANG_WARN_ENUM_CONVERSION = YES;
				CLANG_WARN_INFINITE_RECURSION = YES;
				CLANG_WARN_INT_CONVERSION = YES;
				CLANG_WARN_NON_LITERAL_NULL_CONVERSION = YES;
				CLANG_WARN_OBJC_IMPLICIT_RETAIN_SELF = YES;
				CLANG_WARN_OBJC_LITERAL_CONVERSION = YES;
				CLANG_WARN_OBJC_ROOT_CLASS = YES_ERROR;
				CLANG_WARN_RANGE_LOOP_ANALYSIS = YES;
				CLANG_WARN_STRICT_PROTOTYPES = YES;
				CLANG_WARN_SUSPICIOUS_MOVE = YES;
				CLANG_WARN_UNGUARDED_AVAILABILITY = YES_AGGRESSIVE;
				CLANG_WARN_UNREACHABLE_CODE = YES;
				CLANG_WARN__DUPLICATE_METHOD_MATCH = YES;
				CODE_SIGN_IDENTITY = "iPhone Developer";
				COPY_PHASE_STRIP = NO;
				DEBUG_INFORMATION_FORMAT = "dwarf-with-dsym";
				ENABLE_NS_ASSERTIONS = NO;
				ENABLE_STRICT_OBJC_MSGSEND = YES;
				GCC_C_LANGUAGE_STANDARD = gnu11;
				GCC_NO_COMMON_BLOCKS = YES;
				GCC_WARN_64_TO_32_BIT_CONVERSION = YES;
				GCC_WARN_ABOUT_RETURN_TYPE = YES_ERROR;
				GCC_WARN_UNDECLARED_SELECTOR = YES;
				GCC_WARN_UNINITIALIZED_AUTOS = YES_AGGRESSIVE;
				GCC_WARN_UNUSED_FUNCTION = YES;
				GCC_WARN_UNUSED_VARIABLE = YES;
				IPHONEOS_DEPLOYMENT_TARGET = 12.0;
				MTL_ENABLE_DEBUG_INFO = NO;
				MTL_FAST_MATH = YES;
				SDKROOT = iphoneos;
				VALIDATE_PRODUCT = YES;
			};
			name = Release;
		};
		DB03A61321C1ED9B00B94190 /* Debug */ = {
			isa = XCBuildConfiguration;
			buildSettings = {
				ASSETCATALOG_COMPILER_APPICON_NAME = AppIcon;
				CODE_SIGN_STYLE = Automatic;
				DEVELOPMENT_TEAM = EHL7VLQJ43;
				INFOPLIST_FILE = TableViewAdapter/Info.plist;
				LD_RUNPATH_SEARCH_PATHS = (
					"$(inherited)",
					"@executable_path/Frameworks",
				);
				PRODUCT_BUNDLE_IDENTIFIER = com.xiaoshentu.TableViewAdapter;
				PRODUCT_NAME = "$(TARGET_NAME)";
				TARGETED_DEVICE_FAMILY = "1,2";
			};
			name = Debug;
		};
		DB03A61421C1ED9B00B94190 /* Release */ = {
			isa = XCBuildConfiguration;
			buildSettings = {
				ASSETCATALOG_COMPILER_APPICON_NAME = AppIcon;
				CODE_SIGN_STYLE = Automatic;
				DEVELOPMENT_TEAM = EHL7VLQJ43;
				INFOPLIST_FILE = TableViewAdapter/Info.plist;
				LD_RUNPATH_SEARCH_PATHS = (
					"$(inherited)",
					"@executable_path/Frameworks",
				);
				PRODUCT_BUNDLE_IDENTIFIER = com.xiaoshentu.TableViewAdapter;
				PRODUCT_NAME = "$(TARGET_NAME)";
				TARGETED_DEVICE_FAMILY = "1,2";
			};
			name = Release;
		};
		DB03A61621C1ED9B00B94190 /* Debug */ = {
			isa = XCBuildConfiguration;
			buildSettings = {
				BUNDLE_LOADER = "$(TEST_HOST)";
				CODE_SIGN_STYLE = Automatic;
				DEVELOPMENT_TEAM = EHL7VLQJ43;
				INFOPLIST_FILE = TableViewAdapterTests/Info.plist;
				LD_RUNPATH_SEARCH_PATHS = (
					"$(inherited)",
					"@executable_path/Frameworks",
					"@loader_path/Frameworks",
				);
				PRODUCT_BUNDLE_IDENTIFIER = com.xiaoshentu.TableViewAdapterTests;
				PRODUCT_NAME = "$(TARGET_NAME)";
				TARGETED_DEVICE_FAMILY = "1,2";
				TEST_HOST = "$(BUILT_PRODUCTS_DIR)/TableViewAdapter.app/TableViewAdapter";
			};
			name = Debug;
		};
		DB03A61721C1ED9B00B94190 /* Release */ = {
			isa = XCBuildConfiguration;
			buildSettings = {
				BUNDLE_LOADER = "$(TEST_HOST)";
				CODE_SIGN_STYLE = Automatic;
				DEVELOPMENT_TEAM = EHL7VLQJ43;
				INFOPLIST_FILE = TableViewAdapterTests/Info.plist;
				LD_RUNPATH_SEARCH_PATHS = (
					"$(inherited)",
					"@executable_path/Frameworks",
					"@loader_path/Frameworks",
				);
				PRODUCT_BUNDLE_IDENTIFIER = com.xiaoshentu.TableViewAdapterTests;
				PRODUCT_NAME = "$(TARGET_NAME)";
				TARGETED_DEVICE_FAMILY = "1,2";
				TEST_HOST = "$(BUILT_PRODUCTS_DIR)/TableViewAdapter.app/TableViewAdapter";
			};
			name = Release;
		};
/* End XCBuildConfiguration section */

/* Begin XCConfigurationList section */
		DB03A5EC21C1ED9900B94190 /* Build configuration list for PBXProject "TableViewAdapter" */ = {
			isa = XCConfigurationList;
			buildConfigurations = (
				DB03A61021C1ED9B00B94190 /* Debug */,
				DB03A61121C1ED9B00B94190 /* Release */,
			);
			defaultConfigurationIsVisible = 0;
			defaultConfigurationName = Release;
		};
		DB03A61221C1ED9B00B94190 /* Build configuration list for PBXNativeTarget "TableViewAdapter" */ = {
			isa = XCConfigurationList;
			buildConfigurations = (
				DB03A61321C1ED9B00B94190 /* Debug */,
				DB03A61421C1ED9B00B94190 /* Release */,
			);
			defaultConfigurationIsVisible = 0;
			defaultConfigurationName = Release;
		};
		DB03A61521C1ED9B00B94190 /* Build configuration list for PBXNativeTarget "TableViewAdapterTests" */ = {
			isa = XCConfigurationList;
			buildConfigurations = (
				DB03A61621C1ED9B00B94190 /* Debug */,
				DB03A61721C1ED9B00B94190 /* Release */,
			);
			defaultConfigurationIsVisible = 0;
			defaultConfigurationName = Release;
		};
/* End XCConfigurationList section */
	};
	rootObject = DB03A5E921C1ED9900B94190 /* Project object */;
}
